// !$*UTF8*$!
{
	archiveVersion = 1;
	classes = {
	};
	objectVersion = 46;
	objects = {

/* Begin PBXBuildFile section */
		DF4181981A0B0D1D007C30B2 /* main.m in Sources */ = {isa = PBXBuildFile; fileRef = DF4181971A0B0D1D007C30B2 /* main.m */; };
		DF41819B1A0B0D1D007C30B2 /* AppDelegate.m in Sources */ = {isa = PBXBuildFile; fileRef = DF41819A1A0B0D1D007C30B2 /* AppDelegate.m */; };
		DF41819E1A0B0D1D007C30B2 /* ViewController.m in Sources */ = {isa = PBXBuildFile; fileRef = DF41819D1A0B0D1D007C30B2 /* ViewController.m */; };
		DF4181A11A0B0D1D007C30B2 /* Main.storyboard in Resources */ = {isa = PBXBuildFile; fileRef = DF41819F1A0B0D1D007C30B2 /* Main.storyboard */; };
		DF4181A31A0B0D1D007C30B2 /* Images.xcassets in Resources */ = {isa = PBXBuildFile; fileRef = DF4181A21A0B0D1D007C30B2 /* Images.xcassets */; };
		DF4181A61A0B0D1D007C30B2 /* LaunchScreen.xib in Resources */ = {isa = PBXBuildFile; fileRef = DF4181A41A0B0D1D007C30B2 /* LaunchScreen.xib */; };
		DF4181C71A0B0E52007C30B2 /* M3U8Handler.mm in Sources */ = {isa = PBXBuildFile; fileRef = DF4181BE1A0B0E52007C30B2 /* M3U8Handler.mm */; };
		DF4181C81A0B0E52007C30B2 /* M3U8Playlist.mm in Sources */ = {isa = PBXBuildFile; fileRef = DF4181C01A0B0E52007C30B2 /* M3U8Playlist.mm */; };
		DF4181C91A0B0E52007C30B2 /* M3U8SegmentInfo.m in Sources */ = {isa = PBXBuildFile; fileRef = DF4181C21A0B0E52007C30B2 /* M3U8SegmentInfo.m */; };
		DF4181CA1A0B0E52007C30B2 /* SegmentDownloader.mm in Sources */ = {isa = PBXBuildFile; fileRef = DF4181C41A0B0E52007C30B2 /* SegmentDownloader.mm */; settings = {COMPILER_FLAGS = "-fno-objc-arc"; }; };
		DF4181CB1A0B0E52007C30B2 /* VideoDownloader.mm in Sources */ = {isa = PBXBuildFile; fileRef = DF4181C61A0B0E52007C30B2 /* VideoDownloader.mm */; };
		DF4181FD1A0B0F92007C30B2 /* ASIAuthenticationDialog.m in Sources */ = {isa = PBXBuildFile; fileRef = DF4181EA1A0B0F92007C30B2 /* ASIAuthenticationDialog.m */; settings = {COMPILER_FLAGS = "-fno-objc-arc"; }; };
		DF4181FE1A0B0F92007C30B2 /* ASIDataCompressor.m in Sources */ = {isa = PBXBuildFile; fileRef = DF4181ED1A0B0F92007C30B2 /* ASIDataCompressor.m */; settings = {COMPILER_FLAGS = "-fno-objc-arc"; }; };
		DF4181FF1A0B0F92007C30B2 /* ASIDataDecompressor.m in Sources */ = {isa = PBXBuildFile; fileRef = DF4181EF1A0B0F92007C30B2 /* ASIDataDecompressor.m */; settings = {COMPILER_FLAGS = "-fno-objc-arc"; }; };
		DF4182001A0B0F92007C30B2 /* ASIDownloadCache.m in Sources */ = {isa = PBXBuildFile; fileRef = DF4181F11A0B0F92007C30B2 /* ASIDownloadCache.m */; settings = {COMPILER_FLAGS = "-fno-objc-arc"; }; };
		DF4182011A0B0F92007C30B2 /* ASIFormDataRequest.m in Sources */ = {isa = PBXBuildFile; fileRef = DF4181F31A0B0F92007C30B2 /* ASIFormDataRequest.m */; settings = {COMPILER_FLAGS = "-fno-objc-arc"; }; };
		DF4182021A0B0F92007C30B2 /* ASIHTTPRequest.m in Sources */ = {isa = PBXBuildFile; fileRef = DF4181F51A0B0F92007C30B2 /* ASIHTTPRequest.m */; settings = {COMPILER_FLAGS = "-fno-objc-arc"; }; };
		DF4182031A0B0F92007C30B2 /* ASIInputStream.m in Sources */ = {isa = PBXBuildFile; fileRef = DF4181F91A0B0F92007C30B2 /* ASIInputStream.m */; settings = {COMPILER_FLAGS = "-fno-objc-arc"; }; };
		DF4182041A0B0F92007C30B2 /* ASINetworkQueue.m in Sources */ = {isa = PBXBuildFile; fileRef = DF4181FB1A0B0F92007C30B2 /* ASINetworkQueue.m */; settings = {COMPILER_FLAGS = "-fno-objc-arc"; }; };
		DF4182071A0B0FA4007C30B2 /* Reachability.m in Sources */ = {isa = PBXBuildFile; fileRef = DF4182061A0B0FA4007C30B2 /* Reachability.m */; settings = {COMPILER_FLAGS = "-fno-objc-arc"; }; };
		DF4182091A0B0FC0007C30B2 /* CFNetwork.framework in Frameworks */ = {isa = PBXBuildFile; fileRef = DF4182081A0B0FC0007C30B2 /* CFNetwork.framework */; };
		DF41820B1A0B0FC9007C30B2 /* SystemConfiguration.framework in Frameworks */ = {isa = PBXBuildFile; fileRef = DF41820A1A0B0FC9007C30B2 /* SystemConfiguration.framework */; };
		DF41820D1A0B0FD1007C30B2 /* MobileCoreServices.framework in Frameworks */ = {isa = PBXBuildFile; fileRef = DF41820C1A0B0FD1007C30B2 /* MobileCoreServices.framework */; };
		DF41820F1A0B0FDB007C30B2 /* CoreGraphics.framework in Frameworks */ = {isa = PBXBuildFile; fileRef = DF41820E1A0B0FDB007C30B2 /* CoreGraphics.framework */; };
		DF4182111A0B0FE5007C30B2 /* libz.dylib in Frameworks */ = {isa = PBXBuildFile; fileRef = DF4182101A0B0FE5007C30B2 /* libz.dylib */; };
		DF4182131A0B139B007C30B2 /* MediaPlayer.framework in Frameworks */ = {isa = PBXBuildFile; fileRef = DF4182121A0B139B007C30B2 /* MediaPlayer.framework */; };
		DF4182511A0B148D007C30B2 /* DDData.m in Sources */ = {isa = PBXBuildFile; fileRef = DF4182181A0B148D007C30B2 /* DDData.m */; settings = {COMPILER_FLAGS = "-fno-objc-arc"; }; };
		DF4182521A0B148D007C30B2 /* DDNumber.m in Sources */ = {isa = PBXBuildFile; fileRef = DF41821A1A0B148D007C30B2 /* DDNumber.m */; settings = {COMPILER_FLAGS = "-fno-objc-arc"; }; };
		DF4182531A0B148D007C30B2 /* DDRange.m in Sources */ = {isa = PBXBuildFile; fileRef = DF41821C1A0B148D007C30B2 /* DDRange.m */; settings = {COMPILER_FLAGS = "-fno-objc-arc"; }; };
		DF4182541A0B148D007C30B2 /* HTTPAuthenticationRequest.m in Sources */ = {isa = PBXBuildFile; fileRef = DF41821E1A0B148D007C30B2 /* HTTPAuthenticationRequest.m */; settings = {COMPILER_FLAGS = "-fno-objc-arc"; }; };
		DF4182551A0B148D007C30B2 /* HTTPConnection.m in Sources */ = {isa = PBXBuildFile; fileRef = DF4182201A0B148D007C30B2 /* HTTPConnection.m */; settings = {COMPILER_FLAGS = "-fno-objc-arc"; }; };
		DF4182561A0B148D007C30B2 /* HTTPMessage.m in Sources */ = {isa = PBXBuildFile; fileRef = DF4182231A0B148D007C30B2 /* HTTPMessage.m */; settings = {COMPILER_FLAGS = "-fno-objc-arc"; }; };
		DF4182571A0B148D007C30B2 /* HTTPServer.m in Sources */ = {isa = PBXBuildFile; fileRef = DF4182261A0B148D007C30B2 /* HTTPServer.m */; settings = {COMPILER_FLAGS = "-fno-objc-arc"; }; };
		DF4182581A0B148D007C30B2 /* HTTPAsyncFileResponse.m in Sources */ = {isa = PBXBuildFile; fileRef = DF4182291A0B148D007C30B2 /* HTTPAsyncFileResponse.m */; settings = {COMPILER_FLAGS = "-fno-objc-arc"; }; };
		DF4182591A0B148D007C30B2 /* HTTPDataResponse.m in Sources */ = {isa = PBXBuildFile; fileRef = DF41822B1A0B148D007C30B2 /* HTTPDataResponse.m */; settings = {COMPILER_FLAGS = "-fno-objc-arc"; }; };
		DF41825A1A0B148D007C30B2 /* HTTPDynamicFileResponse.m in Sources */ = {isa = PBXBuildFile; fileRef = DF41822D1A0B148D007C30B2 /* HTTPDynamicFileResponse.m */; settings = {COMPILER_FLAGS = "-fno-objc-arc"; }; };
		DF41825B1A0B148D007C30B2 /* HTTPFileResponse.m in Sources */ = {isa = PBXBuildFile; fileRef = DF41822F1A0B148D007C30B2 /* HTTPFileResponse.m */; settings = {COMPILER_FLAGS = "-fno-objc-arc"; }; };
		DF41825C1A0B148D007C30B2 /* HTTPRedirectResponse.m in Sources */ = {isa = PBXBuildFile; fileRef = DF4182311A0B148D007C30B2 /* HTTPRedirectResponse.m */; settings = {COMPILER_FLAGS = "-fno-objc-arc"; }; };
		DF41825D1A0B148D007C30B2 /* WebSocket.m in Sources */ = {isa = PBXBuildFile; fileRef = DF4182331A0B148D007C30B2 /* WebSocket.m */; settings = {COMPILER_FLAGS = "-fno-objc-arc"; }; };
		DF41825E1A0B148D007C30B2 /* DAVConnection.m in Sources */ = {isa = PBXBuildFile; fileRef = DF4182371A0B148D007C30B2 /* DAVConnection.m */; settings = {COMPILER_FLAGS = "-fno-objc-arc"; }; };
		DF41825F1A0B148D007C30B2 /* DAVResponse.m in Sources */ = {isa = PBXBuildFile; fileRef = DF4182391A0B148D007C30B2 /* DAVResponse.m */; settings = {COMPILER_FLAGS = "-fno-objc-arc"; }; };
		DF4182601A0B148D007C30B2 /* DELETEResponse.m in Sources */ = {isa = PBXBuildFile; fileRef = DF41823B1A0B148D007C30B2 /* DELETEResponse.m */; settings = {COMPILER_FLAGS = "-fno-objc-arc"; }; };
		DF4182611A0B148D007C30B2 /* PUTResponse.m in Sources */ = {isa = PBXBuildFile; fileRef = DF41823D1A0B148D007C30B2 /* PUTResponse.m */; settings = {COMPILER_FLAGS = "-fno-objc-arc"; }; };
		DF4182621A0B148D007C30B2 /* LICENSE.txt in Resources */ = {isa = PBXBuildFile; fileRef = DF41823E1A0B148D007C30B2 /* LICENSE.txt */; };
		DF4182641A0B148D007C30B2 /* About.txt in Resources */ = {isa = PBXBuildFile; fileRef = DF4182421A0B148D007C30B2 /* About.txt */; };
		DF4182651A0B148D007C30B2 /* GCDAsyncSocket.m in Sources */ = {isa = PBXBuildFile; fileRef = DF4182441A0B148D007C30B2 /* GCDAsyncSocket.m */; settings = {COMPILER_FLAGS = "-fno-objc-arc"; }; };
		DF4182661A0B148D007C30B2 /* About.txt in Resources */ = {isa = PBXBuildFile; fileRef = DF4182461A0B148D007C30B2 /* About.txt */; };
		DF4182671A0B148D007C30B2 /* DDAbstractDatabaseLogger.m in Sources */ = {isa = PBXBuildFile; fileRef = DF4182481A0B148D007C30B2 /* DDAbstractDatabaseLogger.m */; settings = {COMPILER_FLAGS = "-fno-objc-arc"; }; };
		DF4182681A0B148D007C30B2 /* DDASLLogger.m in Sources */ = {isa = PBXBuildFile; fileRef = DF41824A1A0B148D007C30B2 /* DDASLLogger.m */; settings = {COMPILER_FLAGS = "-fno-objc-arc"; }; };
		DF4182691A0B148D007C30B2 /* DDFileLogger.m in Sources */ = {isa = PBXBuildFile; fileRef = DF41824C1A0B148D007C30B2 /* DDFileLogger.m */; settings = {COMPILER_FLAGS = "-fno-objc-arc"; }; };
		DF41826A1A0B148D007C30B2 /* DDLog.m in Sources */ = {isa = PBXBuildFile; fileRef = DF41824E1A0B148D007C30B2 /* DDLog.m */; settings = {COMPILER_FLAGS = "-fno-objc-arc"; }; };
		DF41826B1A0B148D007C30B2 /* DDTTYLogger.m in Sources */ = {isa = PBXBuildFile; fileRef = DF4182501A0B148D007C30B2 /* DDTTYLogger.m */; settings = {COMPILER_FLAGS = "-fno-objc-arc"; }; };
		DF41826D1A0B151A007C30B2 /* libxml2.dylib in Frameworks */ = {isa = PBXBuildFile; fileRef = DF41826C1A0B151A007C30B2 /* libxml2.dylib */; };
/* End PBXBuildFile section */

/* Begin PBXFileReference section */
		DF4181921A0B0D1D007C30B2 /* VMMediaDownloader.app */ = {isa = PBXFileReference; explicitFileType = wrapper.application; includeInIndex = 0; path = VMMediaDownloader.app; sourceTree = BUILT_PRODUCTS_DIR; };
		DF4181961A0B0D1D007C30B2 /* Info.plist */ = {isa = PBXFileReference; lastKnownFileType = text.plist.xml; path = Info.plist; sourceTree = "<group>"; };
		DF4181971A0B0D1D007C30B2 /* main.m */ = {isa = PBXFileReference; lastKnownFileType = sourcecode.c.objc; path = main.m; sourceTree = "<group>"; };
		DF4181991A0B0D1D007C30B2 /* AppDelegate.h */ = {isa = PBXFileReference; lastKnownFileType = sourcecode.c.h; path = AppDelegate.h; sourceTree = "<group>"; };
		DF41819A1A0B0D1D007C30B2 /* AppDelegate.m */ = {isa = PBXFileReference; lastKnownFileType = sourcecode.c.objc; path = AppDelegate.m; sourceTree = "<group>"; };
		DF41819C1A0B0D1D007C30B2 /* ViewController.h */ = {isa = PBXFileReference; lastKnownFileType = sourcecode.c.h; path = ViewController.h; sourceTree = "<group>"; };
		DF41819D1A0B0D1D007C30B2 /* ViewController.m */ = {isa = PBXFileReference; lastKnownFileType = sourcecode.c.objc; path = ViewController.m; sourceTree = "<group>"; };
		DF4181A01A0B0D1D007C30B2 /* Base */ = {isa = PBXFileReference; lastKnownFileType = file.storyboard; name = Base; path = Base.lproj/Main.storyboard; sourceTree = "<group>"; };
		DF4181A21A0B0D1D007C30B2 /* Images.xcassets */ = {isa = PBXFileReference; lastKnownFileType = folder.assetcatalog; path = Images.xcassets; sourceTree = "<group>"; };
		DF4181A51A0B0D1D007C30B2 /* Base */ = {isa = PBXFileReference; lastKnownFileType = file.xib; name = Base; path = Base.lproj/LaunchScreen.xib; sourceTree = "<group>"; };
		DF4181BC1A0B0E52007C30B2 /* DownloadDelegate.h */ = {isa = PBXFileReference; fileEncoding = 4; lastKnownFileType = sourcecode.c.h; path = DownloadDelegate.h; sourceTree = "<group>"; };
		DF4181BD1A0B0E52007C30B2 /* M3U8Handler.h */ = {isa = PBXFileReference; fileEncoding = 4; lastKnownFileType = sourcecode.c.h; path = M3U8Handler.h; sourceTree = "<group>"; };
		DF4181BE1A0B0E52007C30B2 /* M3U8Handler.mm */ = {isa = PBXFileReference; fileEncoding = 4; lastKnownFileType = sourcecode.cpp.objcpp; path = M3U8Handler.mm; sourceTree = "<group>"; };
		DF4181BF1A0B0E52007C30B2 /* M3U8Playlist.h */ = {isa = PBXFileReference; fileEncoding = 4; lastKnownFileType = sourcecode.c.h; path = M3U8Playlist.h; sourceTree = "<group>"; };
		DF4181C01A0B0E52007C30B2 /* M3U8Playlist.mm */ = {isa = PBXFileReference; fileEncoding = 4; lastKnownFileType = sourcecode.cpp.objcpp; path = M3U8Playlist.mm; sourceTree = "<group>"; };
		DF4181C11A0B0E52007C30B2 /* M3U8SegmentInfo.h */ = {isa = PBXFileReference; fileEncoding = 4; lastKnownFileType = sourcecode.c.h; path = M3U8SegmentInfo.h; sourceTree = "<group>"; };
		DF4181C21A0B0E52007C30B2 /* M3U8SegmentInfo.m */ = {isa = PBXFileReference; fileEncoding = 4; lastKnownFileType = sourcecode.c.objc; path = M3U8SegmentInfo.m; sourceTree = "<group>"; };
		DF4181C31A0B0E52007C30B2 /* SegmentDownloader.h */ = {isa = PBXFileReference; fileEncoding = 4; lastKnownFileType = sourcecode.c.h; path = SegmentDownloader.h; sourceTree = "<group>"; };
		DF4181C41A0B0E52007C30B2 /* SegmentDownloader.mm */ = {isa = PBXFileReference; fileEncoding = 4; lastKnownFileType = sourcecode.cpp.objcpp; path = SegmentDownloader.mm; sourceTree = "<group>"; };
		DF4181C51A0B0E52007C30B2 /* VideoDownloader.h */ = {isa = PBXFileReference; fileEncoding = 4; lastKnownFileType = sourcecode.c.h; path = VideoDownloader.h; sourceTree = "<group>"; };
		DF4181C61A0B0E52007C30B2 /* VideoDownloader.mm */ = {isa = PBXFileReference; fileEncoding = 4; lastKnownFileType = sourcecode.cpp.objcpp; path = VideoDownloader.mm; sourceTree = "<group>"; };
		DF4181E91A0B0F92007C30B2 /* ASIAuthenticationDialog.h */ = {isa = PBXFileReference; fileEncoding = 4; lastKnownFileType = sourcecode.c.h; name = ASIAuthenticationDialog.h; path = "Vendor/asi-http-request/Classes/ASIAuthenticationDialog.h"; sourceTree = SOURCE_ROOT; };
		DF4181EA1A0B0F92007C30B2 /* ASIAuthenticationDialog.m */ = {isa = PBXFileReference; fileEncoding = 4; lastKnownFileType = sourcecode.c.objc; name = ASIAuthenticationDialog.m; path = "Vendor/asi-http-request/Classes/ASIAuthenticationDialog.m"; sourceTree = SOURCE_ROOT; };
		DF4181EB1A0B0F92007C30B2 /* ASICacheDelegate.h */ = {isa = PBXFileReference; fileEncoding = 4; lastKnownFileType = sourcecode.c.h; name = ASICacheDelegate.h; path = "Vendor/asi-http-request/Classes/ASICacheDelegate.h"; sourceTree = SOURCE_ROOT; };
		DF4181EC1A0B0F92007C30B2 /* ASIDataCompressor.h */ = {isa = PBXFileReference; fileEncoding = 4; lastKnownFileType = sourcecode.c.h; name = ASIDataCompressor.h; path = "Vendor/asi-http-request/Classes/ASIDataCompressor.h"; sourceTree = SOURCE_ROOT; };
		DF4181ED1A0B0F92007C30B2 /* ASIDataCompressor.m */ = {isa = PBXFileReference; fileEncoding = 4; lastKnownFileType = sourcecode.c.objc; name = ASIDataCompressor.m; path = "Vendor/asi-http-request/Classes/ASIDataCompressor.m"; sourceTree = SOURCE_ROOT; };
		DF4181EE1A0B0F92007C30B2 /* ASIDataDecompressor.h */ = {isa = PBXFileReference; fileEncoding = 4; lastKnownFileType = sourcecode.c.h; name = ASIDataDecompressor.h; path = "Vendor/asi-http-request/Classes/ASIDataDecompressor.h"; sourceTree = SOURCE_ROOT; };
		DF4181EF1A0B0F92007C30B2 /* ASIDataDecompressor.m */ = {isa = PBXFileReference; fileEncoding = 4; lastKnownFileType = sourcecode.c.objc; name = ASIDataDecompressor.m; path = "Vendor/asi-http-request/Classes/ASIDataDecompressor.m"; sourceTree = SOURCE_ROOT; };
		DF4181F01A0B0F92007C30B2 /* ASIDownloadCache.h */ = {isa = PBXFileReference; fileEncoding = 4; lastKnownFileType = sourcecode.c.h; name = ASIDownloadCache.h; path = "Vendor/asi-http-request/Classes/ASIDownloadCache.h"; sourceTree = SOURCE_ROOT; };
		DF4181F11A0B0F92007C30B2 /* ASIDownloadCache.m */ = {isa = PBXFileReference; fileEncoding = 4; lastKnownFileType = sourcecode.c.objc; name = ASIDownloadCache.m; path = "Vendor/asi-http-request/Classes/ASIDownloadCache.m"; sourceTree = SOURCE_ROOT; };
		DF4181F21A0B0F92007C30B2 /* ASIFormDataRequest.h */ = {isa = PBXFileReference; fileEncoding = 4; lastKnownFileType = sourcecode.c.h; name = ASIFormDataRequest.h; path = "Vendor/asi-http-request/Classes/ASIFormDataRequest.h"; sourceTree = SOURCE_ROOT; };
		DF4181F31A0B0F92007C30B2 /* ASIFormDataRequest.m */ = {isa = PBXFileReference; fileEncoding = 4; lastKnownFileType = sourcecode.c.objc; name = ASIFormDataRequest.m; path = "Vendor/asi-http-request/Classes/ASIFormDataRequest.m"; sourceTree = SOURCE_ROOT; };
		DF4181F41A0B0F92007C30B2 /* ASIHTTPRequest.h */ = {isa = PBXFileReference; fileEncoding = 4; lastKnownFileType = sourcecode.c.h; name = ASIHTTPRequest.h; path = "Vendor/asi-http-request/Classes/ASIHTTPRequest.h"; sourceTree = SOURCE_ROOT; };
		DF4181F51A0B0F92007C30B2 /* ASIHTTPRequest.m */ = {isa = PBXFileReference; fileEncoding = 4; lastKnownFileType = sourcecode.c.objc; name = ASIHTTPRequest.m; path = "Vendor/asi-http-request/Classes/ASIHTTPRequest.m"; sourceTree = SOURCE_ROOT; };
		DF4181F61A0B0F92007C30B2 /* ASIHTTPRequestConfig.h */ = {isa = PBXFileReference; fileEncoding = 4; lastKnownFileType = sourcecode.c.h; name = ASIHTTPRequestConfig.h; path = "Vendor/asi-http-request/Classes/ASIHTTPRequestConfig.h"; sourceTree = SOURCE_ROOT; };
		DF4181F71A0B0F92007C30B2 /* ASIHTTPRequestDelegate.h */ = {isa = PBXFileReference; fileEncoding = 4; lastKnownFileType = sourcecode.c.h; name = ASIHTTPRequestDelegate.h; path = "Vendor/asi-http-request/Classes/ASIHTTPRequestDelegate.h"; sourceTree = SOURCE_ROOT; };
		DF4181F81A0B0F92007C30B2 /* ASIInputStream.h */ = {isa = PBXFileReference; fileEncoding = 4; lastKnownFileType = sourcecode.c.h; name = ASIInputStream.h; path = "Vendor/asi-http-request/Classes/ASIInputStream.h"; sourceTree = SOURCE_ROOT; };
		DF4181F91A0B0F92007C30B2 /* ASIInputStream.m */ = {isa = PBXFileReference; fileEncoding = 4; lastKnownFileType = sourcecode.c.objc; name = ASIInputStream.m; path = "Vendor/asi-http-request/Classes/ASIInputStream.m"; sourceTree = SOURCE_ROOT; };
		DF4181FA1A0B0F92007C30B2 /* ASINetworkQueue.h */ = {isa = PBXFileReference; fileEncoding = 4; lastKnownFileType = sourcecode.c.h; name = ASINetworkQueue.h; path = "Vendor/asi-http-request/Classes/ASINetworkQueue.h"; sourceTree = SOURCE_ROOT; };
		DF4181FB1A0B0F92007C30B2 /* ASINetworkQueue.m */ = {isa = PBXFileReference; fileEncoding = 4; lastKnownFileType = sourcecode.c.objc; name = ASINetworkQueue.m; path = "Vendor/asi-http-request/Classes/ASINetworkQueue.m"; sourceTree = SOURCE_ROOT; };
		DF4181FC1A0B0F92007C30B2 /* ASIProgressDelegate.h */ = {isa = PBXFileReference; fileEncoding = 4; lastKnownFileType = sourcecode.c.h; name = ASIProgressDelegate.h; path = "Vendor/asi-http-request/Classes/ASIProgressDelegate.h"; sourceTree = SOURCE_ROOT; };
		DF4182051A0B0FA4007C30B2 /* Reachability.h */ = {isa = PBXFileReference; fileEncoding = 4; lastKnownFileType = sourcecode.c.h; name = Reachability.h; path = "Vendor/asi-http-request/External/Reachability/Reachability.h"; sourceTree = SOURCE_ROOT; };
		DF4182061A0B0FA4007C30B2 /* Reachability.m */ = {isa = PBXFileReference; fileEncoding = 4; lastKnownFileType = sourcecode.c.objc; name = Reachability.m; path = "Vendor/asi-http-request/External/Reachability/Reachability.m"; sourceTree = SOURCE_ROOT; };
		DF4182081A0B0FC0007C30B2 /* CFNetwork.framework */ = {isa = PBXFileReference; lastKnownFileType = wrapper.framework; name = CFNetwork.framework; path = System/Library/Frameworks/CFNetwork.framework; sourceTree = SDKROOT; };
		DF41820A1A0B0FC9007C30B2 /* SystemConfiguration.framework */ = {isa = PBXFileReference; lastKnownFileType = wrapper.framework; name = SystemConfiguration.framework; path = System/Library/Frameworks/SystemConfiguration.framework; sourceTree = SDKROOT; };
		DF41820C1A0B0FD1007C30B2 /* MobileCoreServices.framework */ = {isa = PBXFileReference; lastKnownFileType = wrapper.framework; name = MobileCoreServices.framework; path = System/Library/Frameworks/MobileCoreServices.framework; sourceTree = SDKROOT; };
		DF41820E1A0B0FDB007C30B2 /* CoreGraphics.framework */ = {isa = PBXFileReference; lastKnownFileType = wrapper.framework; name = CoreGraphics.framework; path = System/Library/Frameworks/CoreGraphics.framework; sourceTree = SDKROOT; };
		DF4182101A0B0FE5007C30B2 /* libz.dylib */ = {isa = PBXFileReference; lastKnownFileType = "compiled.mach-o.dylib"; name = libz.dylib; path = usr/lib/libz.dylib; sourceTree = SDKROOT; };
		DF4182121A0B139B007C30B2 /* MediaPlayer.framework */ = {isa = PBXFileReference; lastKnownFileType = wrapper.framework; name = MediaPlayer.framework; path = System/Library/Frameworks/MediaPlayer.framework; sourceTree = SDKROOT; };
		DF4182171A0B148D007C30B2 /* DDData.h */ = {isa = PBXFileReference; fileEncoding = 4; lastKnownFileType = sourcecode.c.h; path = DDData.h; sourceTree = "<group>"; };
		DF4182181A0B148D007C30B2 /* DDData.m */ = {isa = PBXFileReference; fileEncoding = 4; lastKnownFileType = sourcecode.c.objc; path = DDData.m; sourceTree = "<group>"; };
		DF4182191A0B148D007C30B2 /* DDNumber.h */ = {isa = PBXFileReference; fileEncoding = 4; lastKnownFileType = sourcecode.c.h; path = DDNumber.h; sourceTree = "<group>"; };
		DF41821A1A0B148D007C30B2 /* DDNumber.m */ = {isa = PBXFileReference; fileEncoding = 4; lastKnownFileType = sourcecode.c.objc; path = DDNumber.m; sourceTree = "<group>"; };
		DF41821B1A0B148D007C30B2 /* DDRange.h */ = {isa = PBXFileReference; fileEncoding = 4; lastKnownFileType = sourcecode.c.h; path = DDRange.h; sourceTree = "<group>"; };
		DF41821C1A0B148D007C30B2 /* DDRange.m */ = {isa = PBXFileReference; fileEncoding = 4; lastKnownFileType = sourcecode.c.objc; path = DDRange.m; sourceTree = "<group>"; };
		DF41821D1A0B148D007C30B2 /* HTTPAuthenticationRequest.h */ = {isa = PBXFileReference; fileEncoding = 4; lastKnownFileType = sourcecode.c.h; path = HTTPAuthenticationRequest.h; sourceTree = "<group>"; };
		DF41821E1A0B148D007C30B2 /* HTTPAuthenticationRequest.m */ = {isa = PBXFileReference; fileEncoding = 4; lastKnownFileType = sourcecode.c.objc; path = HTTPAuthenticationRequest.m; sourceTree = "<group>"; };
		DF41821F1A0B148D007C30B2 /* HTTPConnection.h */ = {isa = PBXFileReference; fileEncoding = 4; lastKnownFileType = sourcecode.c.h; path = HTTPConnection.h; sourceTree = "<group>"; };
		DF4182201A0B148D007C30B2 /* HTTPConnection.m */ = {isa = PBXFileReference; fileEncoding = 4; lastKnownFileType = sourcecode.c.objc; path = HTTPConnection.m; sourceTree = "<group>"; };
		DF4182211A0B148D007C30B2 /* HTTPLogging.h */ = {isa = PBXFileReference; fileEncoding = 4; lastKnownFileType = sourcecode.c.h; path = HTTPLogging.h; sourceTree = "<group>"; };
		DF4182221A0B148D007C30B2 /* HTTPMessage.h */ = {isa = PBXFileReference; fileEncoding = 4; lastKnownFileType = sourcecode.c.h; path = HTTPMessage.h; sourceTree = "<group>"; };
		DF4182231A0B148D007C30B2 /* HTTPMessage.m */ = {isa = PBXFileReference; fileEncoding = 4; lastKnownFileType = sourcecode.c.objc; path = HTTPMessage.m; sourceTree = "<group>"; };
		DF4182241A0B148D007C30B2 /* HTTPResponse.h */ = {isa = PBXFileReference; fileEncoding = 4; lastKnownFileType = sourcecode.c.h; path = HTTPResponse.h; sourceTree = "<group>"; };
		DF4182251A0B148D007C30B2 /* HTTPServer.h */ = {isa = PBXFileReference; fileEncoding = 4; lastKnownFileType = sourcecode.c.h; path = HTTPServer.h; sourceTree = "<group>"; };
		DF4182261A0B148D007C30B2 /* HTTPServer.m */ = {isa = PBXFileReference; fileEncoding = 4; lastKnownFileType = sourcecode.c.objc; path = HTTPServer.m; sourceTree = "<group>"; };
		DF4182281A0B148D007C30B2 /* HTTPAsyncFileResponse.h */ = {isa = PBXFileReference; fileEncoding = 4; lastKnownFileType = sourcecode.c.h; path = HTTPAsyncFileResponse.h; sourceTree = "<group>"; };
		DF4182291A0B148D007C30B2 /* HTTPAsyncFileResponse.m */ = {isa = PBXFileReference; fileEncoding = 4; lastKnownFileType = sourcecode.c.objc; path = HTTPAsyncFileResponse.m; sourceTree = "<group>"; };
		DF41822A1A0B148D007C30B2 /* HTTPDataResponse.h */ = {isa = PBXFileReference; fileEncoding = 4; lastKnownFileType = sourcecode.c.h; path = HTTPDataResponse.h; sourceTree = "<group>"; };
		DF41822B1A0B148D007C30B2 /* HTTPDataResponse.m */ = {isa = PBXFileReference; fileEncoding = 4; lastKnownFileType = sourcecode.c.objc; path = HTTPDataResponse.m; sourceTree = "<group>"; };
		DF41822C1A0B148D007C30B2 /* HTTPDynamicFileResponse.h */ = {isa = PBXFileReference; fileEncoding = 4; lastKnownFileType = sourcecode.c.h; path = HTTPDynamicFileResponse.h; sourceTree = "<group>"; };
		DF41822D1A0B148D007C30B2 /* HTTPDynamicFileResponse.m */ = {isa = PBXFileReference; fileEncoding = 4; lastKnownFileType = sourcecode.c.objc; path = HTTPDynamicFileResponse.m; sourceTree = "<group>"; };
		DF41822E1A0B148D007C30B2 /* HTTPFileResponse.h */ = {isa = PBXFileReference; fileEncoding = 4; lastKnownFileType = sourcecode.c.h; path = HTTPFileResponse.h; sourceTree = "<group>"; };
		DF41822F1A0B148D007C30B2 /* HTTPFileResponse.m */ = {isa = PBXFileReference; fileEncoding = 4; lastKnownFileType = sourcecode.c.objc; path = HTTPFileResponse.m; sourceTree = "<group>"; };
		DF4182301A0B148D007C30B2 /* HTTPRedirectResponse.h */ = {isa = PBXFileReference; fileEncoding = 4; lastKnownFileType = sourcecode.c.h; path = HTTPRedirectResponse.h; sourceTree = "<group>"; };
		DF4182311A0B148D007C30B2 /* HTTPRedirectResponse.m */ = {isa = PBXFileReference; fileEncoding = 4; lastKnownFileType = sourcecode.c.objc; path = HTTPRedirectResponse.m; sourceTree = "<group>"; };
		DF4182321A0B148D007C30B2 /* WebSocket.h */ = {isa = PBXFileReference; fileEncoding = 4; lastKnownFileType = sourcecode.c.h; path = WebSocket.h; sourceTree = "<group>"; };
		DF4182331A0B148D007C30B2 /* WebSocket.m */ = {isa = PBXFileReference; fileEncoding = 4; lastKnownFileType = sourcecode.c.objc; path = WebSocket.m; sourceTree = "<group>"; };
		DF4182361A0B148D007C30B2 /* DAVConnection.h */ = {isa = PBXFileReference; fileEncoding = 4; lastKnownFileType = sourcecode.c.h; path = DAVConnection.h; sourceTree = "<group>"; };
		DF4182371A0B148D007C30B2 /* DAVConnection.m */ = {isa = PBXFileReference; fileEncoding = 4; lastKnownFileType = sourcecode.c.objc; path = DAVConnection.m; sourceTree = "<group>"; };
		DF4182381A0B148D007C30B2 /* DAVResponse.h */ = {isa = PBXFileReference; fileEncoding = 4; lastKnownFileType = sourcecode.c.h; path = DAVResponse.h; sourceTree = "<group>"; };
		DF4182391A0B148D007C30B2 /* DAVResponse.m */ = {isa = PBXFileReference; fileEncoding = 4; lastKnownFileType = sourcecode.c.objc; path = DAVResponse.m; sourceTree = "<group>"; };
		DF41823A1A0B148D007C30B2 /* DELETEResponse.h */ = {isa = PBXFileReference; fileEncoding = 4; lastKnownFileType = sourcecode.c.h; path = DELETEResponse.h; sourceTree = "<group>"; };
		DF41823B1A0B148D007C30B2 /* DELETEResponse.m */ = {isa = PBXFileReference; fileEncoding = 4; lastKnownFileType = sourcecode.c.objc; path = DELETEResponse.m; sourceTree = "<group>"; };
		DF41823C1A0B148D007C30B2 /* PUTResponse.h */ = {isa = PBXFileReference; fileEncoding = 4; lastKnownFileType = sourcecode.c.h; path = PUTResponse.h; sourceTree = "<group>"; };
		DF41823D1A0B148D007C30B2 /* PUTResponse.m */ = {isa = PBXFileReference; fileEncoding = 4; lastKnownFileType = sourcecode.c.objc; path = PUTResponse.m; sourceTree = "<group>"; };
		DF41823E1A0B148D007C30B2 /* LICENSE.txt */ = {isa = PBXFileReference; fileEncoding = 4; lastKnownFileType = text; path = LICENSE.txt; sourceTree = "<group>"; };
		DF41823F1A0B148D007C30B2 /* README.markdown */ = {isa = PBXFileReference; fileEncoding = 4; lastKnownFileType = net.daringfireball.markdown; path = README.markdown; sourceTree = "<group>"; };
		DF4182421A0B148D007C30B2 /* About.txt */ = {isa = PBXFileReference; fileEncoding = 4; lastKnownFileType = text; path = About.txt; sourceTree = "<group>"; };
		DF4182431A0B148D007C30B2 /* GCDAsyncSocket.h */ = {isa = PBXFileReference; fileEncoding = 4; lastKnownFileType = sourcecode.c.h; path = GCDAsyncSocket.h; sourceTree = "<group>"; };
		DF4182441A0B148D007C30B2 /* GCDAsyncSocket.m */ = {isa = PBXFileReference; fileEncoding = 4; lastKnownFileType = sourcecode.c.objc; path = GCDAsyncSocket.m; sourceTree = "<group>"; };
		DF4182461A0B148D007C30B2 /* About.txt */ = {isa = PBXFileReference; fileEncoding = 4; lastKnownFileType = text; path = About.txt; sourceTree = "<group>"; };
		DF4182471A0B148D007C30B2 /* DDAbstractDatabaseLogger.h */ = {isa = PBXFileReference; fileEncoding = 4; lastKnownFileType = sourcecode.c.h; path = DDAbstractDatabaseLogger.h; sourceTree = "<group>"; };
		DF4182481A0B148D007C30B2 /* DDAbstractDatabaseLogger.m */ = {isa = PBXFileReference; fileEncoding = 4; lastKnownFileType = sourcecode.c.objc; path = DDAbstractDatabaseLogger.m; sourceTree = "<group>"; };
		DF4182491A0B148D007C30B2 /* DDASLLogger.h */ = {isa = PBXFileReference; fileEncoding = 4; lastKnownFileType = sourcecode.c.h; path = DDASLLogger.h; sourceTree = "<group>"; };
		DF41824A1A0B148D007C30B2 /* DDASLLogger.m */ = {isa = PBXFileReference; fileEncoding = 4; lastKnownFileType = sourcecode.c.objc; path = DDASLLogger.m; sourceTree = "<group>"; };
		DF41824B1A0B148D007C30B2 /* DDFileLogger.h */ = {isa = PBXFileReference; fileEncoding = 4; lastKnownFileType = sourcecode.c.h; path = DDFileLogger.h; sourceTree = "<group>"; };
		DF41824C1A0B148D007C30B2 /* DDFileLogger.m */ = {isa = PBXFileReference; fileEncoding = 4; lastKnownFileType = sourcecode.c.objc; path = DDFileLogger.m; sourceTree = "<group>"; };
		DF41824D1A0B148D007C30B2 /* DDLog.h */ = {isa = PBXFileReference; fileEncoding = 4; lastKnownFileType = sourcecode.c.h; path = DDLog.h; sourceTree = "<group>"; };
		DF41824E1A0B148D007C30B2 /* DDLog.m */ = {isa = PBXFileReference; fileEncoding = 4; lastKnownFileType = sourcecode.c.objc; path = DDLog.m; sourceTree = "<group>"; };
		DF41824F1A0B148D007C30B2 /* DDTTYLogger.h */ = {isa = PBXFileReference; fileEncoding = 4; lastKnownFileType = sourcecode.c.h; path = DDTTYLogger.h; sourceTree = "<group>"; };
		DF4182501A0B148D007C30B2 /* DDTTYLogger.m */ = {isa = PBXFileReference; fileEncoding = 4; lastKnownFileType = sourcecode.c.objc; path = DDTTYLogger.m; sourceTree = "<group>"; };
		DF41826C1A0B151A007C30B2 /* libxml2.dylib */ = {isa = PBXFileReference; lastKnownFileType = "compiled.mach-o.dylib"; name = libxml2.dylib; path = usr/lib/libxml2.dylib; sourceTree = SDKROOT; };
/* End PBXFileReference section */

/* Begin PBXFrameworksBuildPhase section */
		DF41818F1A0B0D1D007C30B2 /* Frameworks */ = {
			isa = PBXFrameworksBuildPhase;
			buildActionMask = 2147483647;
			files = (
				DF41826D1A0B151A007C30B2 /* libxml2.dylib in Frameworks */,
				DF4182131A0B139B007C30B2 /* MediaPlayer.framework in Frameworks */,
				DF4182111A0B0FE5007C30B2 /* libz.dylib in Frameworks */,
				DF41820F1A0B0FDB007C30B2 /* CoreGraphics.framework in Frameworks */,
				DF41820D1A0B0FD1007C30B2 /* MobileCoreServices.framework in Frameworks */,
				DF41820B1A0B0FC9007C30B2 /* SystemConfiguration.framework in Frameworks */,
				DF4182091A0B0FC0007C30B2 /* CFNetwork.framework in Frameworks */,
			);
			runOnlyForDeploymentPostprocessing = 0;
		};
/* End PBXFrameworksBuildPhase section */

/* Begin PBXGroup section */
		DF4181891A0B0D1D007C30B2 = {
			isa = PBXGroup;
			children = (
				DF41826C1A0B151A007C30B2 /* libxml2.dylib */,
				DF4182121A0B139B007C30B2 /* MediaPlayer.framework */,
				DF4182101A0B0FE5007C30B2 /* libz.dylib */,
				DF41820E1A0B0FDB007C30B2 /* CoreGraphics.framework */,
				DF41820C1A0B0FD1007C30B2 /* MobileCoreServices.framework */,
				DF41820A1A0B0FC9007C30B2 /* SystemConfiguration.framework */,
				DF4182081A0B0FC0007C30B2 /* CFNetwork.framework */,
				DF4181941A0B0D1D007C30B2 /* VMMediaDownloader */,
				DF4181931A0B0D1D007C30B2 /* Products */,
			);
			sourceTree = "<group>";
		};
		DF4181931A0B0D1D007C30B2 /* Products */ = {
			isa = PBXGroup;
			children = (
				DF4181921A0B0D1D007C30B2 /* VMMediaDownloader.app */,
			);
			name = Products;
			sourceTree = "<group>";
		};
		DF4181941A0B0D1D007C30B2 /* VMMediaDownloader */ = {
			isa = PBXGroup;
			children = (
				DF4181CC1A0B0F39007C30B2 /* ASIHTTPRequest */,
				DF4182141A0B148D007C30B2 /* CocoaHTTPServer */,
				DF4181BB1A0B0E52007C30B2 /* m3u8 */,
				DF4181991A0B0D1D007C30B2 /* AppDelegate.h */,
				DF41819A1A0B0D1D007C30B2 /* AppDelegate.m */,
				DF41819C1A0B0D1D007C30B2 /* ViewController.h */,
				DF41819D1A0B0D1D007C30B2 /* ViewController.m */,
				DF41819F1A0B0D1D007C30B2 /* Main.storyboard */,
				DF4181A21A0B0D1D007C30B2 /* Images.xcassets */,
				DF4181A41A0B0D1D007C30B2 /* LaunchScreen.xib */,
				DF4181951A0B0D1D007C30B2 /* Supporting Files */,
			);
			path = VMMediaDownloader;
			sourceTree = "<group>";
		};
		DF4181951A0B0D1D007C30B2 /* Supporting Files */ = {
			isa = PBXGroup;
			children = (
				DF4181961A0B0D1D007C30B2 /* Info.plist */,
				DF4181971A0B0D1D007C30B2 /* main.m */,
			);
			name = "Supporting Files";
			sourceTree = "<group>";
		};
		DF4181BB1A0B0E52007C30B2 /* m3u8 */ = {
			isa = PBXGroup;
			children = (
				DF4181BC1A0B0E52007C30B2 /* DownloadDelegate.h */,
				DF4181BD1A0B0E52007C30B2 /* M3U8Handler.h */,
				DF4181BE1A0B0E52007C30B2 /* M3U8Handler.mm */,
				DF4181BF1A0B0E52007C30B2 /* M3U8Playlist.h */,
				DF4181C01A0B0E52007C30B2 /* M3U8Playlist.mm */,
				DF4181C11A0B0E52007C30B2 /* M3U8SegmentInfo.h */,
				DF4181C21A0B0E52007C30B2 /* M3U8SegmentInfo.m */,
				DF4181C31A0B0E52007C30B2 /* SegmentDownloader.h */,
				DF4181C41A0B0E52007C30B2 /* SegmentDownloader.mm */,
				DF4181C51A0B0E52007C30B2 /* VideoDownloader.h */,
				DF4181C61A0B0E52007C30B2 /* VideoDownloader.mm */,
			);
			path = m3u8;
			sourceTree = "<group>";
		};
		DF4181CC1A0B0F39007C30B2 /* ASIHTTPRequest */ = {
			isa = PBXGroup;
			children = (
				DF4182051A0B0FA4007C30B2 /* Reachability.h */,
				DF4182061A0B0FA4007C30B2 /* Reachability.m */,
				DF4181E91A0B0F92007C30B2 /* ASIAuthenticationDialog.h */,
				DF4181EA1A0B0F92007C30B2 /* ASIAuthenticationDialog.m */,
				DF4181EB1A0B0F92007C30B2 /* ASICacheDelegate.h */,
				DF4181EC1A0B0F92007C30B2 /* ASIDataCompressor.h */,
				DF4181ED1A0B0F92007C30B2 /* ASIDataCompressor.m */,
				DF4181EE1A0B0F92007C30B2 /* ASIDataDecompressor.h */,
				DF4181EF1A0B0F92007C30B2 /* ASIDataDecompressor.m */,
				DF4181F01A0B0F92007C30B2 /* ASIDownloadCache.h */,
				DF4181F11A0B0F92007C30B2 /* ASIDownloadCache.m */,
				DF4181F21A0B0F92007C30B2 /* ASIFormDataRequest.h */,
				DF4181F31A0B0F92007C30B2 /* ASIFormDataRequest.m */,
				DF4181F41A0B0F92007C30B2 /* ASIHTTPRequest.h */,
				DF4181F51A0B0F92007C30B2 /* ASIHTTPRequest.m */,
				DF4181F61A0B0F92007C30B2 /* ASIHTTPRequestConfig.h */,
				DF4181F71A0B0F92007C30B2 /* ASIHTTPRequestDelegate.h */,
				DF4181F81A0B0F92007C30B2 /* ASIInputStream.h */,
				DF4181F91A0B0F92007C30B2 /* ASIInputStream.m */,
				DF4181FA1A0B0F92007C30B2 /* ASINetworkQueue.h */,
				DF4181FB1A0B0F92007C30B2 /* ASINetworkQueue.m */,
				DF4181FC1A0B0F92007C30B2 /* ASIProgressDelegate.h */,
			);
			name = ASIHTTPRequest;
			sourceTree = "<group>";
		};
		DF4182141A0B148D007C30B2 /* CocoaHTTPServer */ = {
			isa = PBXGroup;
			children = (
				DF4182151A0B148D007C30B2 /* Core */,
				DF4182341A0B148D007C30B2 /* Extensions */,
				DF41823E1A0B148D007C30B2 /* LICENSE.txt */,
				DF41823F1A0B148D007C30B2 /* README.markdown */,
				DF4182401A0B148D007C30B2 /* Vendor */,
			);
			path = CocoaHTTPServer;
			sourceTree = "<group>";
		};
		DF4182151A0B148D007C30B2 /* Core */ = {
			isa = PBXGroup;
			children = (
				DF4182161A0B148D007C30B2 /* Categories */,
				DF41821D1A0B148D007C30B2 /* HTTPAuthenticationRequest.h */,
				DF41821E1A0B148D007C30B2 /* HTTPAuthenticationRequest.m */,
				DF41821F1A0B148D007C30B2 /* HTTPConnection.h */,
				DF4182201A0B148D007C30B2 /* HTTPConnection.m */,
				DF4182211A0B148D007C30B2 /* HTTPLogging.h */,
				DF4182221A0B148D007C30B2 /* HTTPMessage.h */,
				DF4182231A0B148D007C30B2 /* HTTPMessage.m */,
				DF4182241A0B148D007C30B2 /* HTTPResponse.h */,
				DF4182251A0B148D007C30B2 /* HTTPServer.h */,
				DF4182261A0B148D007C30B2 /* HTTPServer.m */,
				DF4182271A0B148D007C30B2 /* Responses */,
				DF4182321A0B148D007C30B2 /* WebSocket.h */,
				DF4182331A0B148D007C30B2 /* WebSocket.m */,
			);
			path = Core;
			sourceTree = "<group>";
		};
		DF4182161A0B148D007C30B2 /* Categories */ = {
			isa = PBXGroup;
			children = (
				DF4182171A0B148D007C30B2 /* DDData.h */,
				DF4182181A0B148D007C30B2 /* DDData.m */,
				DF4182191A0B148D007C30B2 /* DDNumber.h */,
				DF41821A1A0B148D007C30B2 /* DDNumber.m */,
				DF41821B1A0B148D007C30B2 /* DDRange.h */,
				DF41821C1A0B148D007C30B2 /* DDRange.m */,
			);
			path = Categories;
			sourceTree = "<group>";
		};
		DF4182271A0B148D007C30B2 /* Responses */ = {
			isa = PBXGroup;
			children = (
				DF4182281A0B148D007C30B2 /* HTTPAsyncFileResponse.h */,
				DF4182291A0B148D007C30B2 /* HTTPAsyncFileResponse.m */,
				DF41822A1A0B148D007C30B2 /* HTTPDataResponse.h */,
				DF41822B1A0B148D007C30B2 /* HTTPDataResponse.m */,
				DF41822C1A0B148D007C30B2 /* HTTPDynamicFileResponse.h */,
				DF41822D1A0B148D007C30B2 /* HTTPDynamicFileResponse.m */,
				DF41822E1A0B148D007C30B2 /* HTTPFileResponse.h */,
				DF41822F1A0B148D007C30B2 /* HTTPFileResponse.m */,
				DF4182301A0B148D007C30B2 /* HTTPRedirectResponse.h */,
				DF4182311A0B148D007C30B2 /* HTTPRedirectResponse.m */,
			);
			path = Responses;
			sourceTree = "<group>";
		};
		DF4182341A0B148D007C30B2 /* Extensions */ = {
			isa = PBXGroup;
			children = (
				DF4182351A0B148D007C30B2 /* WebDAV */,
			);
			path = Extensions;
			sourceTree = "<group>";
		};
		DF4182351A0B148D007C30B2 /* WebDAV */ = {
			isa = PBXGroup;
			children = (
				DF4182361A0B148D007C30B2 /* DAVConnection.h */,
				DF4182371A0B148D007C30B2 /* DAVConnection.m */,
				DF4182381A0B148D007C30B2 /* DAVResponse.h */,
				DF4182391A0B148D007C30B2 /* DAVResponse.m */,
				DF41823A1A0B148D007C30B2 /* DELETEResponse.h */,
				DF41823B1A0B148D007C30B2 /* DELETEResponse.m */,
				DF41823C1A0B148D007C30B2 /* PUTResponse.h */,
				DF41823D1A0B148D007C30B2 /* PUTResponse.m */,
			);
			path = WebDAV;
			sourceTree = "<group>";
		};
		DF4182401A0B148D007C30B2 /* Vendor */ = {
			isa = PBXGroup;
			children = (
				DF4182411A0B148D007C30B2 /* CocoaAsyncSocket */,
				DF4182451A0B148D007C30B2 /* CocoaLumberjack */,
			);
			path = Vendor;
			sourceTree = "<group>";
		};
		DF4182411A0B148D007C30B2 /* CocoaAsyncSocket */ = {
			isa = PBXGroup;
			children = (
				DF4182421A0B148D007C30B2 /* About.txt */,
				DF4182431A0B148D007C30B2 /* GCDAsyncSocket.h */,
				DF4182441A0B148D007C30B2 /* GCDAsyncSocket.m */,
			);
			path = CocoaAsyncSocket;
			sourceTree = "<group>";
		};
		DF4182451A0B148D007C30B2 /* CocoaLumberjack */ = {
			isa = PBXGroup;
			children = (
				DF4182461A0B148D007C30B2 /* About.txt */,
				DF4182471A0B148D007C30B2 /* DDAbstractDatabaseLogger.h */,
				DF4182481A0B148D007C30B2 /* DDAbstractDatabaseLogger.m */,
				DF4182491A0B148D007C30B2 /* DDASLLogger.h */,
				DF41824A1A0B148D007C30B2 /* DDASLLogger.m */,
				DF41824B1A0B148D007C30B2 /* DDFileLogger.h */,
				DF41824C1A0B148D007C30B2 /* DDFileLogger.m */,
				DF41824D1A0B148D007C30B2 /* DDLog.h */,
				DF41824E1A0B148D007C30B2 /* DDLog.m */,
				DF41824F1A0B148D007C30B2 /* DDTTYLogger.h */,
				DF4182501A0B148D007C30B2 /* DDTTYLogger.m */,
			);
			path = CocoaLumberjack;
			sourceTree = "<group>";
		};
/* End PBXGroup section */

/* Begin PBXNativeTarget section */
		DF4181911A0B0D1D007C30B2 /* VMMediaDownloader */ = {
			isa = PBXNativeTarget;
			buildConfigurationList = DF4181B51A0B0D1D007C30B2 /* Build configuration list for PBXNativeTarget "VMMediaDownloader" */;
			buildPhases = (
				DF41818E1A0B0D1D007C30B2 /* Sources */,
				DF41818F1A0B0D1D007C30B2 /* Frameworks */,
				DF4181901A0B0D1D007C30B2 /* Resources */,
			);
			buildRules = (
			);
			dependencies = (
			);
			name = VMMediaDownloader;
			productName = VMMediaDownloader;
			productReference = DF4181921A0B0D1D007C30B2 /* VMMediaDownloader.app */;
			productType = "com.apple.product-type.application";
		};
/* End PBXNativeTarget section */

/* Begin PBXProject section */
		DF41818A1A0B0D1D007C30B2 /* Project object */ = {
			isa = PBXProject;
			attributes = {
				LastUpgradeCheck = 0610;
				ORGANIZATIONNAME = "Peng Sun";
				TargetAttributes = {
					DF4181911A0B0D1D007C30B2 = {
						CreatedOnToolsVersion = 6.1;
					};
				};
			};
			buildConfigurationList = DF41818D1A0B0D1D007C30B2 /* Build configuration list for PBXProject "VMMediaDownloader" */;
			compatibilityVersion = "Xcode 3.2";
			developmentRegion = English;
			hasScannedForEncodings = 0;
			knownRegions = (
				en,
				Base,
			);
			mainGroup = DF4181891A0B0D1D007C30B2;
			productRefGroup = DF4181931A0B0D1D007C30B2 /* Products */;
			projectDirPath = "";
			projectRoot = "";
			targets = (
				DF4181911A0B0D1D007C30B2 /* VMMediaDownloader */,
			);
		};
/* End PBXProject section */

/* Begin PBXResourcesBuildPhase section */
		DF4181901A0B0D1D007C30B2 /* Resources */ = {
			isa = PBXResourcesBuildPhase;
			buildActionMask = 2147483647;
			files = (
				DF4182661A0B148D007C30B2 /* About.txt in Resources */,
				DF4182621A0B148D007C30B2 /* LICENSE.txt in Resources */,
				DF4181A11A0B0D1D007C30B2 /* Main.storyboard in Resources */,
				DF4181A61A0B0D1D007C30B2 /* LaunchScreen.xib in Resources */,
				DF4181A31A0B0D1D007C30B2 /* Images.xcassets in Resources */,
				DF4182641A0B148D007C30B2 /* About.txt in Resources */,
			);
			runOnlyForDeploymentPostprocessing = 0;
		};
/* End PBXResourcesBuildPhase section */

/* Begin PBXSourcesBuildPhase section */
		DF41818E1A0B0D1D007C30B2 /* Sources */ = {
			isa = PBXSourcesBuildPhase;
			buildActionMask = 2147483647;
			files = (
				DF4181FE1A0B0F92007C30B2 /* ASIDataCompressor.m in Sources */,
				DF4182691A0B148D007C30B2 /* DDFileLogger.m in Sources */,
				DF4181CB1A0B0E52007C30B2 /* VideoDownloader.mm in Sources */,
				DF4182011A0B0F92007C30B2 /* ASIFormDataRequest.m in Sources */,
				DF4182541A0B148D007C30B2 /* HTTPAuthenticationRequest.m in Sources */,
				DF4182681A0B148D007C30B2 /* DDASLLogger.m in Sources */,
				DF4182511A0B148D007C30B2 /* DDData.m in Sources */,
				DF4182581A0B148D007C30B2 /* HTTPAsyncFileResponse.m in Sources */,
				DF4182001A0B0F92007C30B2 /* ASIDownloadCache.m in Sources */,
				DF4182571A0B148D007C30B2 /* HTTPServer.m in Sources */,
				DF4182531A0B148D007C30B2 /* DDRange.m in Sources */,
				DF41819E1A0B0D1D007C30B2 /* ViewController.m in Sources */,
				DF4182601A0B148D007C30B2 /* DELETEResponse.m in Sources */,
				DF4182671A0B148D007C30B2 /* DDAbstractDatabaseLogger.m in Sources */,
				DF4182591A0B148D007C30B2 /* HTTPDataResponse.m in Sources */,
				DF41825D1A0B148D007C30B2 /* WebSocket.m in Sources */,
				DF41825E1A0B148D007C30B2 /* DAVConnection.m in Sources */,
				DF4181C71A0B0E52007C30B2 /* M3U8Handler.mm in Sources */,
				DF41819B1A0B0D1D007C30B2 /* AppDelegate.m in Sources */,
				DF41826A1A0B148D007C30B2 /* DDLog.m in Sources */,
				DF41826B1A0B148D007C30B2 /* DDTTYLogger.m in Sources */,
				DF4181FD1A0B0F92007C30B2 /* ASIAuthenticationDialog.m in Sources */,
				DF4182041A0B0F92007C30B2 /* ASINetworkQueue.m in Sources */,
				DF4181C81A0B0E52007C30B2 /* M3U8Playlist.mm in Sources */,
				DF41825F1A0B148D007C30B2 /* DAVResponse.m in Sources */,
				DF4181C91A0B0E52007C30B2 /* M3U8SegmentInfo.m in Sources */,
				DF4181FF1A0B0F92007C30B2 /* ASIDataDecompressor.m in Sources */,
				DF4182031A0B0F92007C30B2 /* ASIInputStream.m in Sources */,
				DF4182651A0B148D007C30B2 /* GCDAsyncSocket.m in Sources */,
				DF4182021A0B0F92007C30B2 /* ASIHTTPRequest.m in Sources */,
				DF4182611A0B148D007C30B2 /* PUTResponse.m in Sources */,
				DF4182551A0B148D007C30B2 /* HTTPConnection.m in Sources */,
				DF4181981A0B0D1D007C30B2 /* main.m in Sources */,
				DF41825C1A0B148D007C30B2 /* HTTPRedirectResponse.m in Sources */,
				DF4181CA1A0B0E52007C30B2 /* SegmentDownloader.mm in Sources */,
				DF4182561A0B148D007C30B2 /* HTTPMessage.m in Sources */,
				DF41825B1A0B148D007C30B2 /* HTTPFileResponse.m in Sources */,
				DF4182521A0B148D007C30B2 /* DDNumber.m in Sources */,
				DF4182071A0B0FA4007C30B2 /* Reachability.m in Sources */,
				DF41825A1A0B148D007C30B2 /* HTTPDynamicFileResponse.m in Sources */,
			);
			runOnlyForDeploymentPostprocessing = 0;
		};
/* End PBXSourcesBuildPhase section */

/* Begin PBXVariantGroup section */
		DF41819F1A0B0D1D007C30B2 /* Main.storyboard */ = {
			isa = PBXVariantGroup;
			children = (
				DF4181A01A0B0D1D007C30B2 /* Base */,
			);
			name = Main.storyboard;
			sourceTree = "<group>";
		};
		DF4181A41A0B0D1D007C30B2 /* LaunchScreen.xib */ = {
			isa = PBXVariantGroup;
			children = (
				DF4181A51A0B0D1D007C30B2 /* Base */,
			);
			name = LaunchScreen.xib;
			sourceTree = "<group>";
		};
/* End PBXVariantGroup section */

/* Begin XCBuildConfiguration section */
		DF4181B31A0B0D1D007C30B2 /* Debug */ = {
			isa = XCBuildConfiguration;
			buildSettings = {
				ALWAYS_SEARCH_USER_PATHS = NO;
				CLANG_CXX_LANGUAGE_STANDARD = "gnu++0x";
				CLANG_CXX_LIBRARY = "libc++";
				CLANG_ENABLE_MODULES = YES;
				CLANG_ENABLE_OBJC_ARC = YES;
				CLANG_WARN_BOOL_CONVERSION = YES;
				CLANG_WARN_CONSTANT_CONVERSION = YES;
				CLANG_WARN_DIRECT_OBJC_ISA_USAGE = YES_ERROR;
				CLANG_WARN_EMPTY_BODY = YES;
				CLANG_WARN_ENUM_CONVERSION = YES;
				CLANG_WARN_INT_CONVERSION = YES;
				CLANG_WARN_OBJC_ROOT_CLASS = YES_ERROR;
				CLANG_WARN_UNREACHABLE_CODE = YES;
				CLANG_WARN__DUPLICATE_METHOD_MATCH = YES;
				"CODE_SIGN_IDENTITY[sdk=iphoneos*]" = "iPhone Developer";
				COPY_PHASE_STRIP = NO;
				ENABLE_STRICT_OBJC_MSGSEND = YES;
				GCC_C_LANGUAGE_STANDARD = gnu99;
				GCC_DYNAMIC_NO_PIC = NO;
				GCC_OPTIMIZATION_LEVEL = 0;
				GCC_PREPROCESSOR_DEFINITIONS = (
					"DEBUG=1",
					"$(inherited)",
				);
				GCC_SYMBOLS_PRIVATE_EXTERN = NO;
				GCC_WARN_64_TO_32_BIT_CONVERSION = YES;
				GCC_WARN_ABOUT_RETURN_TYPE = YES_ERROR;
				GCC_WARN_UNDECLARED_SELECTOR = YES;
				GCC_WARN_UNINITIALIZED_AUTOS = YES_AGGRESSIVE;
				GCC_WARN_UNUSED_FUNCTION = YES;
				GCC_WARN_UNUSED_VARIABLE = YES;
				IPHONEOS_DEPLOYMENT_TARGET = 8.1;
				MTL_ENABLE_DEBUG_INFO = YES;
				ONLY_ACTIVE_ARCH = YES;
				SDKROOT = iphoneos;
			};
			name = Debug;
		};
		DF4181B41A0B0D1D007C30B2 /* Release */ = {
			isa = XCBuildConfiguration;
			buildSettings = {
				ALWAYS_SEARCH_USER_PATHS = NO;
				CLANG_CXX_LANGUAGE_STANDARD = "gnu++0x";
				CLANG_CXX_LIBRARY = "libc++";
				CLANG_ENABLE_MODULES = YES;
				CLANG_ENABLE_OBJC_ARC = YES;
				CLANG_WARN_BOOL_CONVERSION = YES;
				CLANG_WARN_CONSTANT_CONVERSION = YES;
				CLANG_WARN_DIRECT_OBJC_ISA_USAGE = YES_ERROR;
				CLANG_WARN_EMPTY_BODY = YES;
				CLANG_WARN_ENUM_CONVERSION = YES;
				CLANG_WARN_INT_CONVERSION = YES;
				CLANG_WARN_OBJC_ROOT_CLASS = YES_ERROR;
				CLANG_WARN_UNREACHABLE_CODE = YES;
				CLANG_WARN__DUPLICATE_METHOD_MATCH = YES;
				"CODE_SIGN_IDENTITY[sdk=iphoneos*]" = "iPhone Developer";
				COPY_PHASE_STRIP = YES;
				ENABLE_NS_ASSERTIONS = NO;
				ENABLE_STRICT_OBJC_MSGSEND = YES;
				GCC_C_LANGUAGE_STANDARD = gnu99;
				GCC_WARN_64_TO_32_BIT_CONVERSION = YES;
				GCC_WARN_ABOUT_RETURN_TYPE = YES_ERROR;
				GCC_WARN_UNDECLARED_SELECTOR = YES;
				GCC_WARN_UNINITIALIZED_AUTOS = YES_AGGRESSIVE;
				GCC_WARN_UNUSED_FUNCTION = YES;
				GCC_WARN_UNUSED_VARIABLE = YES;
				IPHONEOS_DEPLOYMENT_TARGET = 8.1;
				MTL_ENABLE_DEBUG_INFO = NO;
				SDKROOT = iphoneos;
				VALIDATE_PRODUCT = YES;
			};
			name = Release;
		};
		DF4181B61A0B0D1D007C30B2 /* Debug */ = {
			isa = XCBuildConfiguration;
			buildSettings = {
				ASSETCATALOG_COMPILER_APPICON_NAME = AppIcon;
				HEADER_SEARCH_PATHS = (
					"$(inherited)",
					/Applications/Xcode.app/Contents/Developer/Toolchains/XcodeDefault.xctoolchain/usr/include,
					$SDKROOT/usr/include/libxml2,
				);
				INFOPLIST_FILE = VMMediaDownloader/Info.plist;
				LD_RUNPATH_SEARCH_PATHS = "$(inherited) @executable_path/Frameworks";
				PRODUCT_NAME = "$(TARGET_NAME)";
			};
			name = Debug;
		};
		DF4181B71A0B0D1D007C30B2 /* Release */ = {
			isa = XCBuildConfiguration;
			buildSettings = {
				ASSETCATALOG_COMPILER_APPICON_NAME = AppIcon;
				HEADER_SEARCH_PATHS = (
					"$(inherited)",
					/Applications/Xcode.app/Contents/Developer/Toolchains/XcodeDefault.xctoolchain/usr/include,
					$SDKROOT/usr/include/libxml2,
				);
				INFOPLIST_FILE = VMMediaDownloader/Info.plist;
				LD_RUNPATH_SEARCH_PATHS = "$(inherited) @executable_path/Frameworks";
				PRODUCT_NAME = "$(TARGET_NAME)";
			};
			name = Release;
		};
/* End XCBuildConfiguration section */

/* Begin XCConfigurationList section */
		DF41818D1A0B0D1D007C30B2 /* Build configuration list for PBXProject "VMMediaDownloader" */ = {
			isa = XCConfigurationList;
			buildConfigurations = (
				DF4181B31A0B0D1D007C30B2 /* Debug */,
				DF4181B41A0B0D1D007C30B2 /* Release */,
			);
			defaultConfigurationIsVisible = 0;
			defaultConfigurationName = Release;
		};
		DF4181B51A0B0D1D007C30B2 /* Build configuration list for PBXNativeTarget "VMMediaDownloader" */ = {
			isa = XCConfigurationList;
			buildConfigurations = (
				DF4181B61A0B0D1D007C30B2 /* Debug */,
				DF4181B71A0B0D1D007C30B2 /* Release */,
			);
			defaultConfigurationIsVisible = 0;
		};
/* End XCConfigurationList section */
	};
	rootObject = DF41818A1A0B0D1D007C30B2 /* Project object */;
}
